[[package]]
name = "asgiref"
version = "3.8.1"
description = "ASGI specs, helper code, and adapters"
category = "main"
optional = false
python-versions = ">=3.8"

[package.dependencies]
typing-extensions = {version = ">=4", markers = "python_version < \"3.11\""}

[package.extras]
tests = ["pytest", "pytest-asyncio", "mypy (>=0.800)"]

[[package]]
name = "django"
version = "5.1.4"
description = "A high-level Python web framework that encourages rapid development and clean, pragmatic design."
category = "main"
optional = false
python-versions = ">=3.10"

[package.dependencies]
asgiref = ">=3.8.1,<4"
sqlparse = ">=0.3.1"
tzdata = {version = "*", markers = "sys_platform == \"win32\""}

[package.extras]
argon2 = ["argon2-cffi (>=19.1.0)"]
bcrypt = ["bcrypt"]

[[package]]
name = "django-debug-toolbar"
version = "4.4.6"
description = "A configurable set of panels that display various debug information about the current request/response."
category = "main"
optional = false
python-versions = ">=3.8"

[package.dependencies]
django = ">=4.2.9"
sqlparse = ">=0.2"

[[package]]
name = "django-filter"
version = "24.3"
description = "Django-filter is a reusable Django application for allowing users to filter querysets dynamically."
category = "main"
optional = false
python-versions = ">=3.8"

[package.dependencies]
Django = ">=4.2"

[[package]]
name = "django-rest-framework"
version = "0.1.0"
description = "alias."
category = "main"
optional = false
python-versions = "*"

[package.dependencies]
djangorestframework = "*"

[[package]]
name = "djangorestframework"
version = "3.15.2"
description = "Web APIs for Django, made easy."
category = "main"
optional = false
python-versions = ">=3.8"

[package.dependencies]
django = ">=4.2"

[[package]]
name = "gunicorn"
version = "23.0.0"
description = "WSGI HTTP Server for UNIX"
category = "main"
optional = false
python-versions = ">=3.7"

[package.dependencies]
packaging = "*"

[package.extras]
eventlet = ["eventlet (>=0.24.1,!=0.36.0)"]
gevent = ["gevent (>=1.4.0)"]
setproctitle = ["setproctitle"]
testing = ["gevent", "eventlet", "coverage", "pytest", "pytest-cov"]
tornado = ["tornado (>=0.2)"]

[[package]]
name = "packaging"
version = "24.2"
description = "Core utilities for Python packages"
category = "main"
optional = false
python-versions = ">=3.8"

[[package]]
name = "pillow"
version = "11.0.0"
description = "Python Imaging Library (Fork)"
category = "main"
optional = false
python-versions = ">=3.9"

[package.extras]
docs = ["furo", "olefile", "sphinx (>=8.1)", "sphinx-copybutton", "sphinx-inline-tabs", "sphinxext-opengraph"]
fpx = ["olefile"]
mic = ["olefile"]
tests = ["check-manifest", "coverage", "defusedxml", "markdown2", "olefile", "packaging", "pyroma", "pytest", "pytest-cov", "pytest-timeout"]
typing = ["typing-extensions"]
xmp = ["defusedxml"]

[[package]]
name = "sqlparse"
version = "0.5.3"
description = "A non-validating SQL parser."
category = "main"
optional = false
python-versions = ">=3.8"

[package.extras]
dev = ["build", "hatch"]
doc = ["sphinx"]

[[package]]
name = "typing-extensions"
version = "4.12.2"
description = "Backported and Experimental Type Hints for Python 3.8+"
category = "main"
optional = false
python-versions = ">=3.8"

[[package]]
name = "tzdata"
version = "2024.2"
description = "Provider of IANA time zone data"
category = "main"
optional = false
python-versions = ">=2"

[metadata]
lock-version = "1.1"
python-versions = "^3.10"
content-hash = "8c79b2aaf9a8982fa26f3eea3b840f484fc1744b63fb84d5df348e376e627c98"

[metadata.files]
asgiref = []
django = []
django-debug-toolbar = []
django-filter = []
django-rest-framework = []
djangorestframework = []
gunicorn = []
packaging = []
pillow = []
sqlparse = []
typing-extensions = []
tzdata = []
